// !$*UTF8*$!
{
	archiveVersion = 1;
	classes = {
	};
	objectVersion = 46;
	objects = {

/* Begin PBXBuildFile section */
		D29A789E18FCD2B4006D895D /* Foundation.framework in Frameworks */ = {isa = PBXBuildFile; fileRef = D29A789D18FCD2B4006D895D /* Foundation.framework */; };
		D29A78A018FCD2B4006D895D /* CoreGraphics.framework in Frameworks */ = {isa = PBXBuildFile; fileRef = D29A789F18FCD2B4006D895D /* CoreGraphics.framework */; };
		D29A78A218FCD2B4006D895D /* UIKit.framework in Frameworks */ = {isa = PBXBuildFile; fileRef = D29A78A118FCD2B4006D895D /* UIKit.framework */; };
		D29A78A418FCD2B4006D895D /* SpriteKit.framework in Frameworks */ = {isa = PBXBuildFile; fileRef = D29A78A318FCD2B4006D895D /* SpriteKit.framework */; };
		D29A78AA18FCD2B4006D895D /* InfoPlist.strings in Resources */ = {isa = PBXBuildFile; fileRef = D29A78A818FCD2B4006D895D /* InfoPlist.strings */; };
		D29A78AC18FCD2B4006D895D /* main.m in Sources */ = {isa = PBXBuildFile; fileRef = D29A78AB18FCD2B4006D895D /* main.m */; };
		D29A78B018FCD2B4006D895D /* AppDelegate.m in Sources */ = {isa = PBXBuildFile; fileRef = D29A78AF18FCD2B4006D895D /* AppDelegate.m */; };
		D29A78B318FCD2B4006D895D /* Main_iPhone.storyboard in Resources */ = {isa = PBXBuildFile; fileRef = D29A78B118FCD2B4006D895D /* Main_iPhone.storyboard */; };
		D29A78B618FCD2B4006D895D /* Main_iPad.storyboard in Resources */ = {isa = PBXBuildFile; fileRef = D29A78B418FCD2B4006D895D /* Main_iPad.storyboard */; };
		D29A78B918FCD2B4006D895D /* ViewController.m in Sources */ = {isa = PBXBuildFile; fileRef = D29A78B818FCD2B4006D895D /* ViewController.m */; };
		D29A78BC18FCD2B4006D895D /* MyScene.m in Sources */ = {isa = PBXBuildFile; fileRef = D29A78BB18FCD2B4006D895D /* MyScene.m */; };
		D29A78BE18FCD2B4006D895D /* Spaceship.png in Resources */ = {isa = PBXBuildFile; fileRef = D29A78BD18FCD2B4006D895D /* Spaceship.png */; };
		D29A78C018FCD2B4006D895D /* Images.xcassets in Resources */ = {isa = PBXBuildFile; fileRef = D29A78BF18FCD2B4006D895D /* Images.xcassets */; };
		D29A78C718FCD2B4006D895D /* XCTest.framework in Frameworks */ = {isa = PBXBuildFile; fileRef = D29A78C618FCD2B4006D895D /* XCTest.framework */; };
		D29A78C818FCD2B4006D895D /* Foundation.framework in Frameworks */ = {isa = PBXBuildFile; fileRef = D29A789D18FCD2B4006D895D /* Foundation.framework */; };
		D29A78C918FCD2B4006D895D /* UIKit.framework in Frameworks */ = {isa = PBXBuildFile; fileRef = D29A78A118FCD2B4006D895D /* UIKit.framework */; };
		D29A78D118FCD2B4006D895D /* InfoPlist.strings in Resources */ = {isa = PBXBuildFile; fileRef = D29A78CF18FCD2B4006D895D /* InfoPlist.strings */; };
		D29A78D318FCD2B4006D895D /* ChewyTests.m in Sources */ = {isa = PBXBuildFile; fileRef = D29A78D218FCD2B4006D895D /* ChewyTests.m */; };
/* End PBXBuildFile section */

/* Begin PBXContainerItemProxy section */
		D29A78CA18FCD2B4006D895D /* PBXContainerItemProxy */ = {
			isa = PBXContainerItemProxy;
			containerPortal = D29A789218FCD2B4006D895D /* Project object */;
			proxyType = 1;
			remoteGlobalIDString = D29A789918FCD2B4006D895D;
			remoteInfo = Chewy;
		};
/* End PBXContainerItemProxy section */

/* Begin PBXFileReference section */
		D29A789A18FCD2B4006D895D /* Chewy.app */ = {isa = PBXFileReference; explicitFileType = wrapper.application; includeInIndex = 0; path = Chewy.app; sourceTree = BUILT_PRODUCTS_DIR; };
		D29A789D18FCD2B4006D895D /* Foundation.framework */ = {isa = PBXFileReference; lastKnownFileType = wrapper.framework; name = Foundation.framework; path = System/Library/Frameworks/Foundation.framework; sourceTree = SDKROOT; };
		D29A789F18FCD2B4006D895D /* CoreGraphics.framework */ = {isa = PBXFileReference; lastKnownFileType = wrapper.framework; name = CoreGraphics.framework; path = System/Library/Frameworks/CoreGraphics.framework; sourceTree = SDKROOT; };
		D29A78A118FCD2B4006D895D /* UIKit.framework */ = {isa = PBXFileReference; lastKnownFileType = wrapper.framework; name = UIKit.framework; path = System/Library/Frameworks/UIKit.framework; sourceTree = SDKROOT; };
		D29A78A318FCD2B4006D895D /* SpriteKit.framework */ = {isa = PBXFileReference; lastKnownFileType = wrapper.framework; name = SpriteKit.framework; path = System/Library/Frameworks/SpriteKit.framework; sourceTree = SDKROOT; };
		D29A78A718FCD2B4006D895D /* Chewy-Info.plist */ = {isa = PBXFileReference; lastKnownFileType = text.plist.xml; path = "Chewy-Info.plist"; sourceTree = "<group>"; };
		D29A78A918FCD2B4006D895D /* en */ = {isa = PBXFileReference; lastKnownFileType = text.plist.strings; name = en; path = en.lproj/InfoPlist.strings; sourceTree = "<group>"; };
		D29A78AB18FCD2B4006D895D /* main.m */ = {isa = PBXFileReference; lastKnownFileType = sourcecode.c.objc; path = main.m; sourceTree = "<group>"; };
		D29A78AD18FCD2B4006D895D /* Chewy-Prefix.pch */ = {isa = PBXFileReference; lastKnownFileType = sourcecode.c.h; path = "Chewy-Prefix.pch"; sourceTree = "<group>"; };
		D29A78AE18FCD2B4006D895D /* AppDelegate.h */ = {isa = PBXFileReference; lastKnownFileType = sourcecode.c.h; path = AppDelegate.h; sourceTree = "<group>"; };
		D29A78AF18FCD2B4006D895D /* AppDelegate.m */ = {isa = PBXFileReference; lastKnownFileType = sourcecode.c.objc; path = AppDelegate.m; sourceTree = "<group>"; };
		D29A78B218FCD2B4006D895D /* Base */ = {isa = PBXFileReference; lastKnownFileType = file.storyboard; name = Base; path = Base.lproj/Main_iPhone.storyboard; sourceTree = "<group>"; };
		D29A78B518FCD2B4006D895D /* Base */ = {isa = PBXFileReference; lastKnownFileType = file.storyboard; name = Base; path = Base.lproj/Main_iPad.storyboard; sourceTree = "<group>"; };
		D29A78B718FCD2B4006D895D /* ViewController.h */ = {isa = PBXFileReference; lastKnownFileType = sourcecode.c.h; path = ViewController.h; sourceTree = "<group>"; };
		D29A78B818FCD2B4006D895D /* ViewController.m */ = {isa = PBXFileReference; lastKnownFileType = sourcecode.c.objc; path = ViewController.m; sourceTree = "<group>"; };
		D29A78BA18FCD2B4006D895D /* MyScene.h */ = {isa = PBXFileReference; lastKnownFileType = sourcecode.c.h; path = MyScene.h; sourceTree = "<group>"; };
		D29A78BB18FCD2B4006D895D /* MyScene.m */ = {isa = PBXFileReference; lastKnownFileType = sourcecode.c.objc; path = MyScene.m; sourceTree = "<group>"; };
		D29A78BD18FCD2B4006D895D /* Spaceship.png */ = {isa = PBXFileReference; lastKnownFileType = image.png; path = Spaceship.png; sourceTree = "<group>"; };
		D29A78BF18FCD2B4006D895D /* Images.xcassets */ = {isa = PBXFileReference; lastKnownFileType = folder.assetcatalog; path = Images.xcassets; sourceTree = "<group>"; };
		D29A78C518FCD2B4006D895D /* ChewyTests.xctest */ = {isa = PBXFileReference; explicitFileType = wrapper.cfbundle; includeInIndex = 0; path = ChewyTests.xctest; sourceTree = BUILT_PRODUCTS_DIR; };
		D29A78C618FCD2B4006D895D /* XCTest.framework */ = {isa = PBXFileReference; lastKnownFileType = wrapper.framework; name = XCTest.framework; path = Library/Frameworks/XCTest.framework; sourceTree = DEVELOPER_DIR; };
		D29A78CE18FCD2B4006D895D /* ChewyTests-Info.plist */ = {isa = PBXFileReference; lastKnownFileType = text.plist.xml; path = "ChewyTests-Info.plist"; sourceTree = "<group>"; };
		D29A78D018FCD2B4006D895D /* en */ = {isa = PBXFileReference; lastKnownFileType = text.plist.strings; name = en; path = en.lproj/InfoPlist.strings; sourceTree = "<group>"; };
		D29A78D218FCD2B4006D895D /* ChewyTests.m */ = {isa = PBXFileReference; lastKnownFileType = sourcecode.c.objc; path = ChewyTests.m; sourceTree = "<group>"; };
/* End PBXFileReference section */

/* Begin PBXFrameworksBuildPhase section */
		D29A789718FCD2B4006D895D /* Frameworks */ = {
			isa = PBXFrameworksBuildPhase;
			buildActionMask = 2147483647;
			files = (
				D29A78A018FCD2B4006D895D /* CoreGraphics.framework in Frameworks */,
				D29A78A218FCD2B4006D895D /* UIKit.framework in Frameworks */,
				D29A78A418FCD2B4006D895D /* SpriteKit.framework in Frameworks */,
				D29A789E18FCD2B4006D895D /* Foundation.framework in Frameworks */,
			);
			runOnlyForDeploymentPostprocessing = 0;
		};
		D29A78C218FCD2B4006D895D /* Frameworks */ = {
			isa = PBXFrameworksBuildPhase;
			buildActionMask = 2147483647;
			files = (
				D29A78C718FCD2B4006D895D /* XCTest.framework in Frameworks */,
				D29A78C918FCD2B4006D895D /* UIKit.framework in Frameworks */,
				D29A78C818FCD2B4006D895D /* Foundation.framework in Frameworks */,
			);
			runOnlyForDeploymentPostprocessing = 0;
		};
/* End PBXFrameworksBuildPhase section */

/* Begin PBXGroup section */
		D29A789118FCD2B4006D895D = {
			isa = PBXGroup;
			children = (
				D29A78A518FCD2B4006D895D /* Chewy */,
				D29A78CC18FCD2B4006D895D /* ChewyTests */,
				D29A789C18FCD2B4006D895D /* Frameworks */,
				D29A789B18FCD2B4006D895D /* Products */,
			);
			sourceTree = "<group>";
		};
		D29A789B18FCD2B4006D895D /* Products */ = {
			isa = PBXGroup;
			children = (
				D29A789A18FCD2B4006D895D /* Chewy.app */,
				D29A78C518FCD2B4006D895D /* ChewyTests.xctest */,
			);
			name = Products;
			sourceTree = "<group>";
		};
		D29A789C18FCD2B4006D895D /* Frameworks */ = {
			isa = PBXGroup;
			children = (
				D29A789D18FCD2B4006D895D /* Foundation.framework */,
				D29A789F18FCD2B4006D895D /* CoreGraphics.framework */,
				D29A78A118FCD2B4006D895D /* UIKit.framework */,
				D29A78A318FCD2B4006D895D /* SpriteKit.framework */,
				D29A78C618FCD2B4006D895D /* XCTest.framework */,
			);
			name = Frameworks;
			sourceTree = "<group>";
		};
		D29A78A518FCD2B4006D895D /* Chewy */ = {
			isa = PBXGroup;
			children = (
				D29A78AE18FCD2B4006D895D /* AppDelegate.h */,
				D29A78AF18FCD2B4006D895D /* AppDelegate.m */,
				D29A78B118FCD2B4006D895D /* Main_iPhone.storyboard */,
				D29A78B418FCD2B4006D895D /* Main_iPad.storyboard */,
				D29A78B718FCD2B4006D895D /* ViewController.h */,
				D29A78B818FCD2B4006D895D /* ViewController.m */,
				D29A78BA18FCD2B4006D895D /* MyScene.h */,
				D29A78BB18FCD2B4006D895D /* MyScene.m */,
				D29A78BD18FCD2B4006D895D /* Spaceship.png */,
				D29A78BF18FCD2B4006D895D /* Images.xcassets */,
				D29A78A618FCD2B4006D895D /* Supporting Files */,
			);
			path = Chewy;
			sourceTree = "<group>";
		};
		D29A78A618FCD2B4006D895D /* Supporting Files */ = {
			isa = PBXGroup;
			children = (
				D29A78A718FCD2B4006D895D /* Chewy-Info.plist */,
				D29A78A818FCD2B4006D895D /* InfoPlist.strings */,
				D29A78AB18FCD2B4006D895D /* main.m */,
				D29A78AD18FCD2B4006D895D /* Chewy-Prefix.pch */,
			);
			name = "Supporting Files";
			sourceTree = "<group>";
		};
		D29A78CC18FCD2B4006D895D /* ChewyTests */ = {
			isa = PBXGroup;
			children = (
				D29A78D218FCD2B4006D895D /* ChewyTests.m */,
				D29A78CD18FCD2B4006D895D /* Supporting Files */,
			);
			path = ChewyTests;
			sourceTree = "<group>";
		};
		D29A78CD18FCD2B4006D895D /* Supporting Files */ = {
			isa = PBXGroup;
			children = (
				D29A78CE18FCD2B4006D895D /* ChewyTests-Info.plist */,
				D29A78CF18FCD2B4006D895D /* InfoPlist.strings */,
			);
			name = "Supporting Files";
			sourceTree = "<group>";
		};
/* End PBXGroup section */

/* Begin PBXNativeTarget section */
		D29A789918FCD2B4006D895D /* Chewy */ = {
			isa = PBXNativeTarget;
			buildConfigurationList = D29A78D618FCD2B4006D895D /* Build configuration list for PBXNativeTarget "Chewy" */;
			buildPhases = (
				D29A789618FCD2B4006D895D /* Sources */,
				D29A789718FCD2B4006D895D /* Frameworks */,
				D29A789818FCD2B4006D895D /* Resources */,
			);
			buildRules = (
			);
			dependencies = (
			);
			name = Chewy;
			productName = Chewy;
			productReference = D29A789A18FCD2B4006D895D /* Chewy.app */;
			productType = "com.apple.product-type.application";
		};
		D29A78C418FCD2B4006D895D /* ChewyTests */ = {
			isa = PBXNativeTarget;
			buildConfigurationList = D29A78D918FCD2B4006D895D /* Build configuration list for PBXNativeTarget "ChewyTests" */;
			buildPhases = (
				D29A78C118FCD2B4006D895D /* Sources */,
				D29A78C218FCD2B4006D895D /* Frameworks */,
				D29A78C318FCD2B4006D895D /* Resources */,
			);
			buildRules = (
			);
			dependencies = (
				D29A78CB18FCD2B4006D895D /* PBXTargetDependency */,
			);
			name = ChewyTests;
			productName = ChewyTests;
			productReference = D29A78C518FCD2B4006D895D /* ChewyTests.xctest */;
			productType = "com.apple.product-type.bundle.unit-test";
		};
/* End PBXNativeTarget section */

/* Begin PBXProject section */
		D29A789218FCD2B4006D895D /* Project object */ = {
			isa = PBXProject;
			attributes = {
				LastUpgradeCheck = 0500;
				ORGANIZATIONNAME = "Oleg Osin";
				TargetAttributes = {
					D29A78C418FCD2B4006D895D = {
						TestTargetID = D29A789918FCD2B4006D895D;
					};
				};
			};
			buildConfigurationList = D29A789518FCD2B4006D895D /* Build configuration list for PBXProject "Chewy" */;
			compatibilityVersion = "Xcode 3.2";
			developmentRegion = English;
			hasScannedForEncodings = 0;
			knownRegions = (
				en,
				Base,
			);
			mainGroup = D29A789118FCD2B4006D895D;
			productRefGroup = D29A789B18FCD2B4006D895D /* Products */;
			projectDirPath = "";
			projectRoot = "";
			targets = (
				D29A789918FCD2B4006D895D /* Chewy */,
				D29A78C418FCD2B4006D895D /* ChewyTests */,
			);
		};
/* End PBXProject section */

/* Begin PBXResourcesBuildPhase section */
		D29A789818FCD2B4006D895D /* Resources */ = {
			isa = PBXResourcesBuildPhase;
			buildActionMask = 2147483647;
			files = (
				D29A78BE18FCD2B4006D895D /* Spaceship.png in Resources */,
				D29A78C018FCD2B4006D895D /* Images.xcassets in Resources */,
				D29A78B618FCD2B4006D895D /* Main_iPad.storyboard in Resources */,
				D29A78B318FCD2B4006D895D /* Main_iPhone.storyboard in Resources */,
				D29A78AA18FCD2B4006D895D /* InfoPlist.strings in Resources */,
			);
			runOnlyForDeploymentPostprocessing = 0;
		};
		D29A78C318FCD2B4006D895D /* Resources */ = {
			isa = PBXResourcesBuildPhase;
			buildActionMask = 2147483647;
			files = (
				D29A78D118FCD2B4006D895D /* InfoPlist.strings in Resources */,
			);
			runOnlyForDeploymentPostprocessing = 0;
		};
/* End PBXResourcesBuildPhase section */

/* Begin PBXSourcesBuildPhase section */
		D29A789618FCD2B4006D895D /* Sources */ = {
			isa = PBXSourcesBuildPhase;
			buildActionMask = 2147483647;
			files = (
				D29A78BC18FCD2B4006D895D /* MyScene.m in Sources */,
				D29A78B918FCD2B4006D895D /* ViewController.m in Sources */,
				D29A78B018FCD2B4006D895D /* AppDelegate.m in Sources */,
				D29A78AC18FCD2B4006D895D /* main.m in Sources */,
			);
			runOnlyForDeploymentPostprocessing = 0;
		};
		D29A78C118FCD2B4006D895D /* Sources */ = {
			isa = PBXSourcesBuildPhase;
			buildActionMask = 2147483647;
			files = (
				D29A78D318FCD2B4006D895D /* ChewyTests.m in Sources */,
			);
			runOnlyForDeploymentPostprocessing = 0;
		};
/* End PBXSourcesBuildPhase section */

/* Begin PBXTargetDependency section */
		D29A78CB18FCD2B4006D895D /* PBXTargetDependency */ = {
			isa = PBXTargetDependency;
			target = D29A789918FCD2B4006D895D /* Chewy */;
			targetProxy = D29A78CA18FCD2B4006D895D /* PBXContainerItemProxy */;
		};
/* End PBXTargetDependency section */

/* Begin PBXVariantGroup section */
		D29A78A818FCD2B4006D895D /* InfoPlist.strings */ = {
			isa = PBXVariantGroup;
			children = (
				D29A78A918FCD2B4006D895D /* en */,
			);
			name = InfoPlist.strings;
			sourceTree = "<group>";
		};
		D29A78B118FCD2B4006D895D /* Main_iPhone.storyboard */ = {
			isa = PBXVariantGroup;
			children = (
				D29A78B218FCD2B4006D895D /* Base */,
			);
			name = Main_iPhone.storyboard;
			sourceTree = "<group>";
		};
		D29A78B418FCD2B4006D895D /* Main_iPad.storyboard */ = {
			isa = PBXVariantGroup;
			children = (
				D29A78B518FCD2B4006D895D /* Base */,
			);
			name = Main_iPad.storyboard;
			sourceTree = "<group>";
		};
		D29A78CF18FCD2B4006D895D /* InfoPlist.strings */ = {
			isa = PBXVariantGroup;
			children = (
				D29A78D018FCD2B4006D895D /* en */,
			);
			name = InfoPlist.strings;
			sourceTree = "<group>";
		};
/* End PBXVariantGroup section */

/* Begin XCBuildConfiguration section */
		D29A78D418FCD2B4006D895D /* Debug */ = {
			isa = XCBuildConfiguration;
			buildSettings = {
				ALWAYS_SEARCH_USER_PATHS = NO;
				ARCHS = "$(ARCHS_STANDARD_INCLUDING_64_BIT)";
				CLANG_CXX_LANGUAGE_STANDARD = "gnu++0x";
				CLANG_CXX_LIBRARY = "libc++";
				CLANG_ENABLE_MODULES = YES;
				CLANG_ENABLE_OBJC_ARC = YES;
				CLANG_WARN_BOOL_CONVERSION = YES;
				CLANG_WARN_CONSTANT_CONVERSION = YES;
				CLANG_WARN_DIRECT_OBJC_ISA_USAGE = YES_ERROR;
				CLANG_WARN_EMPTY_BODY = YES;
				CLANG_WARN_ENUM_CONVERSION = YES;
				CLANG_WARN_INT_CONVERSION = YES;
				CLANG_WARN_OBJC_ROOT_CLASS = YES_ERROR;
				CLANG_WARN__DUPLICATE_METHOD_MATCH = YES;
				"CODE_SIGN_IDENTITY[sdk=iphoneos*]" = "iPhone Developer";
				COPY_PHASE_STRIP = NO;
				GCC_C_LANGUAGE_STANDARD = gnu99;
				GCC_DYNAMIC_NO_PIC = NO;
				GCC_OPTIMIZATION_LEVEL = 0;
				GCC_PREPROCESSOR_DEFINITIONS = (
					"DEBUG=1",
					"$(inherited)",
				);
				GCC_SYMBOLS_PRIVATE_EXTERN = NO;
				GCC_WARN_64_TO_32_BIT_CONVERSION = YES;
				GCC_WARN_ABOUT_RETURN_TYPE = YES_ERROR;
				GCC_WARN_UNDECLARED_SELECTOR = YES;
				GCC_WARN_UNINITIALIZED_AUTOS = YES;
				GCC_WARN_UNUSED_FUNCTION = YES;
				GCC_WARN_UNUSED_VARIABLE = YES;
				IPHONEOS_DEPLOYMENT_TARGET = 7.0;
				ONLY_ACTIVE_ARCH = YES;
				SDKROOT = iphoneos;
				TARGETED_DEVICE_FAMILY = "1,2";
			};
			name = Debug;
		};
		D29A78D518FCD2B4006D895D /* Release */ = {
			isa = XCBuildConfiguration;
			buildSettings = {
				ALWAYS_SEARCH_USER_PATHS = NO;
				ARCHS = "$(ARCHS_STANDARD_INCLUDING_64_BIT)";
				CLANG_CXX_LANGUAGE_STANDARD = "gnu++0x";
				CLANG_CXX_LIBRARY = "libc++";
				CLANG_ENABLE_MODULES = YES;
				CLANG_ENABLE_OBJC_ARC = YES;
				CLANG_WARN_BOOL_CONVERSION = YES;
				CLANG_WARN_CONSTANT_CONVERSION = YES;
				CLANG_WARN_DIRECT_OBJC_ISA_USAGE = YES_ERROR;
				CLANG_WARN_EMPTY_BODY = YES;
				CLANG_WARN_ENUM_CONVERSION = YES;
				CLANG_WARN_INT_CONVERSION = YES;
				CLANG_WARN_OBJC_ROOT_CLASS = YES_ERROR;
				CLANG_WARN__DUPLICATE_METHOD_MATCH = YES;
				"CODE_SIGN_IDENTITY[sdk=iphoneos*]" = "iPhone Developer";
				COPY_PHASE_STRIP = YES;
				ENABLE_NS_ASSERTIONS = NO;
				GCC_C_LANGUAGE_STANDARD = gnu99;
				GCC_WARN_64_TO_32_BIT_CONVERSION = YES;
				GCC_WARN_ABOUT_RETURN_TYPE = YES_ERROR;
				GCC_WARN_UNDECLARED_SELECTOR = YES;
				GCC_WARN_UNINITIALIZED_AUTOS = YES;
				GCC_WARN_UNUSED_FUNCTION = YES;
				GCC_WARN_UNUSED_VARIABLE = YES;
				IPHONEOS_DEPLOYMENT_TARGET = 7.0;
				SDKROOT = iphoneos;
				TARGETED_DEVICE_FAMILY = "1,2";
				VALIDATE_PRODUCT = YES;
			};
			name = Release;
		};
		D29A78D718FCD2B4006D895D /* Debug */ = {
			isa = XCBuildConfiguration;
			buildSettings = {
				ASSETCATALOG_COMPILER_APPICON_NAME = AppIcon;
				ASSETCATALOG_COMPILER_LAUNCHIMAGE_NAME = LaunchImage;
				GCC_PRECOMPILE_PREFIX_HEADER = YES;
				GCC_PREFIX_HEADER = "Chewy/Chewy-Prefix.pch";
				INFOPLIST_FILE = "Chewy/Chewy-Info.plist";
				PRODUCT_NAME = "$(TARGET_NAME)";
				SPRITEKIT_TEXTURE_ATLAS_OUTPUT = YES;
				WRAPPER_EXTENSION = app;
			};
			name = Debug;
		};
		D29A78D818FCD2B4006D895D /* Release */ = {
			isa = XCBuildConfiguration;
			buildSettings = {
				ASSETCATALOG_COMPILER_APPICON_NAME = AppIcon;
				ASSETCATALOG_COMPILER_LAUNCHIMAGE_NAME = LaunchImage;
				GCC_PRECOMPILE_PREFIX_HEADER = YES;
				GCC_PREFIX_HEADER = "Chewy/Chewy-Prefix.pch";
				INFOPLIST_FILE = "Chewy/Chewy-Info.plist";
				PRODUCT_NAME = "$(TARGET_NAME)";
				SPRITEKIT_TEXTURE_ATLAS_OUTPUT = YES;
				WRAPPER_EXTENSION = app;
			};
			name = Release;
		};
		D29A78DA18FCD2B4006D895D /* Debug */ = {
			isa = XCBuildConfiguration;
			buildSettings = {
				ARCHS = "$(ARCHS_STANDARD_INCLUDING_64_BIT)";
				BUNDLE_LOADER = "$(BUILT_PRODUCTS_DIR)/Chewy.app/Chewy";
				FRAMEWORK_SEARCH_PATHS = (
					"$(SDKROOT)/Developer/Library/Frameworks",
					"$(inherited)",
					"$(DEVELOPER_FRAMEWORKS_DIR)",
				);
				GCC_PRECOMPILE_PREFIX_HEADER = YES;
				GCC_PREFIX_HEADER = "Chewy/Chewy-Prefix.pch";
				GCC_PREPROCESSOR_DEFINITIONS = (
					"DEBUG=1",
					"$(inherited)",
				);
				INFOPLIST_FILE = "ChewyTests/ChewyTests-Info.plist";
				PRODUCT_NAME = "$(TARGET_NAME)";
				TEST_HOST = "$(BUNDLE_LOADER)";
				WRAPPER_EXTENSION = xctest;
			};
			name = Debug;
		};
		D29A78DB18FCD2B4006D895D /* Release */ = {
			isa = XCBuildConfiguration;
			buildSettings = {
				ARCHS = "$(ARCHS_STANDARD_INCLUDING_64_BIT)";
				BUNDLE_LOADER = "$(BUILT_PRODUCTS_DIR)/Chewy.app/Chewy";
				FRAMEWORK_SEARCH_PATHS = (
					"$(SDKROOT)/Developer/Library/Frameworks",
					"$(inherited)",
					"$(DEVELOPER_FRAMEWORKS_DIR)",
				);
				GCC_PRECOMPILE_PREFIX_HEADER = YES;
				GCC_PREFIX_HEADER = "Chewy/Chewy-Prefix.pch";
				INFOPLIST_FILE = "ChewyTests/ChewyTests-Info.plist";
				PRODUCT_NAME = "$(TARGET_NAME)";
				TEST_HOST = "$(BUNDLE_LOADER)";
				WRAPPER_EXTENSION = xctest;
			};
			name = Release;
		};
/* End XCBuildConfiguration section */

/* Begin XCConfigurationList section */
		D29A789518FCD2B4006D895D /* Build configuration list for PBXProject "Chewy" */ = {
			isa = XCConfigurationList;
			buildConfigurations = (
				D29A78D418FCD2B4006D895D /* Debug */,
				D29A78D518FCD2B4006D895D /* Release */,
			);
			defaultConfigurationIsVisible = 0;
			defaultConfigurationName = Release;
		};
		D29A78D618FCD2B4006D895D /* Build configuration list for PBXNativeTarget "Chewy" */ = {
			isa = XCConfigurationList;
			buildConfigurations = (
				D29A78D718FCD2B4006D895D /* Debug */,
				D29A78D818FCD2B4006D895D /* Release */,
			);
			defaultConfigurationIsVisible = 0;
		};
		D29A78D918FCD2B4006D895D /* Build configuration list for PBXNativeTarget "ChewyTests" */ = {
			isa = XCConfigurationList;
			buildConfigurations = (
				D29A78DA18FCD2B4006D895D /* Debug */,
				D29A78DB18FCD2B4006D895D /* Release */,
			);
			defaultConfigurationIsVisible = 0;
		};
/* End XCConfigurationList section */
	};
	rootObject = D29A789218FCD2B4006D895D /* Project object */;
}
